
Microsoft Visual Studio Solution File, Format Version 12.00
# Visual Studio Version 17
VisualStudioVersion = 17.3.32825.248
MinimumVisualStudioVersion = 10.0.40219.1
Project("{FAE04EC0-301F-11D3-BF4B-00C04F79EFBC}") = "Basharov.Solodkov.Drozdov.PlayIndustry", "Basharov.Solodkov.Drozdov.PlayIndustry\Basharov.Solodkov.Drozdov.PlayIndustry.csproj", "{5327D505-2DA1-48A9-80D2-F883FFBDD24D}"
EndProject
Global
	GlobalSection(SolutionConfigurationPlatforms) = preSolution
		Debug|Any CPU = Debug|Any CPU
		Release|Any CPU = Release|Any CPU
	EndGlobalSection
	GlobalSection(ProjectConfigurationPlatforms) = postSolution
		{5327D505-2DA1-48A9-80D2-F883FFBDD24D}.Debug|Any CPU.ActiveCfg = Debug|Any CPU
		{5327D505-2DA1-48A9-80D2-F883FFBDD24D}.Debug|Any CPU.Build.0 = Debug|Any CPU
		{5327D505-2DA1-48A9-80D2-F883FFBDD24D}.Release|Any CPU.ActiveCfg = Release|Any CPU
		{5327D505-2DA1-48A9-80D2-F883FFBDD24D}.Release|Any CPU.Build.0 = Release|Any CPU
	EndGlobalSection
	GlobalSection(SolutionProperties) = preSolution
		HideSolutionNode = FALSE
	EndGlobalSection
	GlobalSection(ExtensibilityGlobals) = postSolution
		SolutionGuid = {018F29E8-9B75-4F35-AFE3-B6D5709E40C6}
	EndGlobalSection
EndGlobal
